<?xml version="1.0" encoding="utf-8"?>
<Project ToolsVersion="4.0" xmlns="http://schemas.microsoft.com/developer/msbuild/2003">
  <ItemGroup>
    <Filter Include="Source Files">
      <UniqueIdentifier>{4FC737F1-C7A5-4376-A066-2A32D752A2FF}</UniqueIdentifier>
      <Extensions>cpp;c;cc;cxx;c++;cppm;ixx;def;odl;idl;hpj;bat;asm;asmx</Extensions>
    </Filter>
    <Filter Include="Header Files">
      <UniqueIdentifier>{93995380-89BD-4b04-88EB-625FBE52EBFB}</UniqueIdentifier>
      <Extensions>h;hh;hpp;hxx;h++;hm;inl;inc;ipp;xsd</Extensions>
    </Filter>
    <Filter Include="Resource Files">
      <UniqueIdentifier>{67DA6AB6-F800-4c08-8B7A-83BB121AAD01}</UniqueIdentifier>
      <Extensions>rc;ico;cur;bmp;dlg;rc2;rct;bin;rgs;gif;jpg;jpeg;jpe;resx;tiff;tif;png;wav;mfcribbon-ms</Extensions>
    </Filter>
  </ItemGroup>
  <ItemGroup>
    <ClCompile Include="Dragons.cpp">
      <Filter>Source Files</Filter>
    </ClCompile>
    <ClCompile Include="Core\Core.cpp">
      <Filter>Source Files</Filter>
    </ClCompile>
    <ClCompile Include="Core\Cards\Offense\DesperateStrike.cpp">
      <Filter>Source Files</Filter>
    </ClCompile>
    <ClCompile Include="Core\Cards\Offense\SacrificialAttack.cpp">
      <Filter>Source Files</Filter>
    </ClCompile>
    <ClCompile Include="Core\Cards\Offense\RapidAttack.cpp">
      <Filter>Source Files</Filter>
    </ClCompile>
    <ClCompile Include="Core\Cards\Offense\StarCurse.cpp">
      <Filter>Source Files</Filter>
    </ClCompile>
    <ClCompile Include="Core\Cards\Offense\HellfireSword.cpp">
      <Filter>Source Files</Filter>
    </ClCompile>
    <ClCompile Include="Core\Cards\Offense\VitalSpot.cpp">
      <Filter>Source Files</Filter>
    </ClCompile>
    <ClCompile Include="Core\Cards\Offense\BloodDonation.cpp">
      <Filter>Source Files</Filter>
    </ClCompile>
    <ClCompile Include="Core\Cards\Offense\FairFight.cpp">
      <Filter>Source Files</Filter>
    </ClCompile>
    <ClCompile Include="Core\Cards\Offense\HeavySlash.cpp">
      <Filter>Source Files</Filter>
    </ClCompile>
    <ClCompile Include="Core\Cards\Offense\WeaponScroll.cpp">
      <Filter>Source Files</Filter>
    </ClCompile>
    <ClCompile Include="Core\Cards\Offense\FireMoon.cpp">
      <Filter>Source Files</Filter>
    </ClCompile>
    <ClCompile Include="Core\Cards\Offense\Stab.cpp">
      <Filter>Source Files</Filter>
    </ClCompile>
    <ClCompile Include="Core\Cards\Offense\DeathPoison.cpp">
      <Filter>Source Files</Filter>
    </ClCompile>
    <ClCompile Include="Core\Cards\Offense\LastBreath.cpp">
      <Filter>Source Files</Filter>
    </ClCompile>
    <ClCompile Include="Core\Cards\Defense\ShieldingNet.cpp">
      <Filter>Source Files</Filter>
    </ClCompile>
    <ClCompile Include="Core\Cards\Defense\SpiritShelter.cpp">
      <Filter>Source Files</Filter>
    </ClCompile>
    <ClCompile Include="Core\Cards\Defense\DivineProtection.cpp">
      <Filter>Source Files</Filter>
    </ClCompile>
    <ClCompile Include="Core\Cards\Defense\ArmorUp.cpp">
      <Filter>Source Files</Filter>
    </ClCompile>
    <ClCompile Include="Core\Cards\Defense\Cure.cpp">
      <Filter>Source Files</Filter>
    </ClCompile>
    <ClCompile Include="Core\Cards\Defense\HelpingHand.cpp">
      <Filter>Source Files</Filter>
    </ClCompile>
    <ClCompile Include="Core\Cards\Defense\Barrier.cpp">
      <Filter>Source Files</Filter>
    </ClCompile>
    <ClCompile Include="Core\Cards\Defense\Recreation.cpp">
      <Filter>Source Files</Filter>
    </ClCompile>
    <ClCompile Include="Core\Cards\Defense\Healer.cpp">
      <Filter>Source Files</Filter>
    </ClCompile>
    <ClCompile Include="Core\Cards\Defense\Preparations.cpp">
      <Filter>Source Files</Filter>
    </ClCompile>
    <ClCompile Include="Core\Cards\Defense\SoothingSpell.cpp">
      <Filter>Source Files</Filter>
    </ClCompile>
    <ClCompile Include="Core\Cards\Defense\PeacePact.cpp">
      <Filter>Source Files</Filter>
    </ClCompile>
    <ClCompile Include="Core\Cards\Defense\LifeFlower.cpp">
      <Filter>Source Files</Filter>
    </ClCompile>
    <ClCompile Include="Core\Cards\Defense\TreeOfLife.cpp">
      <Filter>Source Files</Filter>
    </ClCompile>
    <ClCompile Include="Core\Cards\Defense\WarBlessing.cpp">
      <Filter>Source Files</Filter>
    </ClCompile>
    <ClCompile Include="Core\Cards\Utility\Cheating.cpp">
      <Filter>Source Files</Filter>
    </ClCompile>
    <ClCompile Include="Core\Cards\Utility\DragonFlame.cpp">
      <Filter>Source Files</Filter>
    </ClCompile>
    <ClCompile Include="Core\Cards\Utility\DragonSight.cpp">
      <Filter>Source Files</Filter>
    </ClCompile>
    <ClCompile Include="Core\Cards\Utility\FrostFire.cpp">
      <Filter>Source Files</Filter>
    </ClCompile>
    <ClCompile Include="Core\Cards\Utility\DragonPower.cpp">
      <Filter>Source Files</Filter>
    </ClCompile>
    <ClCompile Include="Core\Cards\Utility\WeaponOfChoice.cpp">
      <Filter>Source Files</Filter>
    </ClCompile>
    <ClCompile Include="Core\Cards\Utility\TheThief.cpp">
      <Filter>Source Files</Filter>
    </ClCompile>
    <ClCompile Include="Core\Cards\Utility\HiddenTreasures.cpp">
      <Filter>Source Files</Filter>
    </ClCompile>
    <ClCompile Include="Core\Cards\Utility\MindSteal.cpp">
      <Filter>Source Files</Filter>
    </ClCompile>
    <ClCompile Include="Core\Cards\Utility\SummonDead.cpp">
      <Filter>Source Files</Filter>
    </ClCompile>
    <ClCompile Include="Core\Cards\Utility\DragonEquation.cpp">
      <Filter>Source Files</Filter>
    </ClCompile>
    <ClCompile Include="Core\Cards\Utility\AbsoluteZero.cpp">
      <Filter>Source Files</Filter>
    </ClCompile>
    <ClCompile Include="Core\Cards\Utility\LifeExchange.cpp">
      <Filter>Source Files</Filter>
    </ClCompile>
    <ClCompile Include="Core\Cards\Utility\SetUp.cpp">
      <Filter>Source Files</Filter>
    </ClCompile>
    <ClCompile Include="Core\Cards\Utility\CorpsePuppet.cpp">
      <Filter>Source Files</Filter>
    </ClCompile>
    <ClCompile Include="Core\Cards\Combo\DeathFee.cpp">
      <Filter>Source Files</Filter>
    </ClCompile>
    <ClCompile Include="Core\Cards\Combo\AstroInfluence.cpp">
      <Filter>Source Files</Filter>
    </ClCompile>
    <ClCompile Include="Core\Cards\Combo\CounterScale.cpp">
      <Filter>Source Files</Filter>
    </ClCompile>
    <ClCompile Include="Core\Cards\Combo\UltimateDefense.cpp">
      <Filter>Source Files</Filter>
    </ClCompile>
    <ClCompile Include="Core\Cards\Combo\TotalEntanglement.cpp">
      <Filter>Source Files</Filter>
    </ClCompile>
    <ClCompile Include="Core\Cards\Combo\ElementalDragon.cpp">
      <Filter>Source Files</Filter>
    </ClCompile>
    <ClCompile Include="Core\Cards\Combo\Superiority.cpp">
      <Filter>Source Files</Filter>
    </ClCompile>
    <ClCompile Include="Core\Cards\Combo\DoubleStrike.cpp">
      <Filter>Source Files</Filter>
    </ClCompile>
    <ClCompile Include="Core\Cards\Combo\Ritual.cpp">
      <Filter>Source Files</Filter>
    </ClCompile>
    <ClCompile Include="Core\Cards\Combo\Omniclaustra.cpp">
      <Filter>Source Files</Filter>
    </ClCompile>
    <ClCompile Include="Core\Cards\Combo\DifferentSides.cpp">
      <Filter>Source Files</Filter>
    </ClCompile>
    <ClCompile Include="Core\Cards\Combo\DragonWeapons.cpp">
      <Filter>Source Files</Filter>
    </ClCompile>
    <ClCompile Include="Core\Cards\Combo\PowerUp.cpp">
      <Filter>Source Files</Filter>
    </ClCompile>
    <ClCompile Include="Core\Cards\Combo\Underworld.cpp">
      <Filter>Source Files</Filter>
    </ClCompile>
    <ClCompile Include="Core\Cards\Combo\FakeOut.cpp">
      <Filter>Source Files</Filter>
    </ClCompile>
    <ClCompile Include="Core\Cards\Combo\MagicTrick.cpp">
      <Filter>Source Files</Filter>
    </ClCompile>
    <ClCompile Include="Core\Cards\Combo\DreamLand.cpp">
      <Filter>Source Files</Filter>
    </ClCompile>
    <ClCompile Include="Core\Cards\Combo\Soulstealer.cpp">
      <Filter>Source Files</Filter>
    </ClCompile>
    <ClCompile Include="Core\Cards\Combo\UltimateExchange.cpp">
      <Filter>Source Files</Filter>
    </ClCompile>
    <ClCompile Include="Core\Cards\Combo\NatureSpell.cpp">
      <Filter>Source Files</Filter>
    </ClCompile>
    <ClCompile Include="Core\Cards\Combo\InfernoLifeline.cpp">
      <Filter>Source Files</Filter>
    </ClCompile>
    <ClCompile Include="Core\Cards\Combo\Apocalypse.cpp">
      <Filter>Source Files</Filter>
    </ClCompile>
    <ClCompile Include="Core\Cards\Combo\FinalHour.cpp">
      <Filter>Source Files</Filter>
    </ClCompile>
    <ClCompile Include="Core\Cards\Combo\DragonSword.cpp">
      <Filter>Source Files</Filter>
    </ClCompile>
    <ClCompile Include="Core\Cards\Combo\ReEquip.cpp">
      <Filter>Source Files</Filter>
    </ClCompile>
    <ClCompile Include="Core\Cards\Combo\SwapPact.cpp">
      <Filter>Source Files</Filter>
    </ClCompile>
    <ClCompile Include="Core\Cards\Combo\ShadowAssassin.cpp">
      <Filter>Source Files</Filter>
    </ClCompile>
    <ClCompile Include="Core\Cards\Combo\ThreeGodsStrike.cpp">
      <Filter>Source Files</Filter>
    </ClCompile>
  </ItemGroup>
  <ItemGroup>
    <ClInclude Include="Core\Core.h">
      <Filter>Header Files</Filter>
    </ClInclude>
    <ClInclude Include="Core\GameState.h">
      <Filter>Header Files</Filter>
    </ClInclude>
    <ClInclude Include="Core\Player.h">
      <Filter>Header Files</Filter>
    </ClInclude>
    <ClInclude Include="Core\Cards\Card.h">
      <Filter>Header Files</Filter>
    </ClInclude>
    <ClInclude Include="Core\Cards\Offense\DesperateStrike.h">
      <Filter>Header Files</Filter>
    </ClInclude>
    <ClInclude Include="Core\Cards\Offense\SacrificialAttack.h">
      <Filter>Header Files</Filter>
    </ClInclude>
    <ClInclude Include="Core\Events\GameEvents.h">
      <Filter>Header Files</Filter>
    </ClInclude>
    <ClInclude Include="Core\Events\EventSubscriber.h">
      <Filter>Header Files</Filter>
    </ClInclude>
    <ClInclude Include="Core\Events\TurnEvents.h">
      <Filter>Header Files</Filter>
    </ClInclude>
    <ClInclude Include="Core\Events\ActionEvents.h">
      <Filter>Header Files</Filter>
    </ClInclude>
    <ClInclude Include="Core\ActionProperties.h">
      <Filter>Header Files</Filter>
    </ClInclude>
    <ClInclude Include="Core\GameConstants.h">
      <Filter>Header Files</Filter>
    </ClInclude>
    <ClInclude Include="Core\Events\StatsEvents.h">
      <Filter>Header Files</Filter>
    </ClInclude>
    <ClInclude Include="Core\DamageProperties.h">
      <Filter>Header Files</Filter>
    </ClInclude>
    <ClInclude Include="Core\Cards\Offense\RapidAttack.h">
      <Filter>Header Files</Filter>
    </ClInclude>
    <ClInclude Include="Core\Cards\Offense\StarCurse.h">
      <Filter>Header Files</Filter>
    </ClInclude>
    <ClInclude Include="Core\Cards\Offense\HellfireSword.h">
      <Filter>Header Files</Filter>
    </ClInclude>
    <ClInclude Include="Core\Cards\Offense\VitalSpot.h">
      <Filter>Header Files</Filter>
    </ClInclude>
    <ClInclude Include="Core\Cards\Offense\BloodDonation.h">
      <Filter>Header Files</Filter>
    </ClInclude>
    <ClInclude Include="Core\Cards\Offense\FairFight.h">
      <Filter>Header Files</Filter>
    </ClInclude>
    <ClInclude Include="Core\UserInputRequest.h">
      <Filter>Header Files</Filter>
    </ClInclude>
    <ClInclude Include="Core\Cards\CardType.h">
      <Filter>Header Files</Filter>
    </ClInclude>
    <ClInclude Include="Core\Cards\Offense\HeavySlash.h">
      <Filter>Header Files</Filter>
    </ClInclude>
    <ClInclude Include="Core\Cards\Offense\WeaponScroll.h">
      <Filter>Header Files</Filter>
    </ClInclude>
    <ClInclude Include="Core\Cards\Offense\FireMoon.h">
      <Filter>Header Files</Filter>
    </ClInclude>
    <ClInclude Include="Core\Cards\Offense\Stab.h">
      <Filter>Header Files</Filter>
    </ClInclude>
    <ClInclude Include="Core\Cards\Offense\DeathPoison.h">
      <Filter>Header Files</Filter>
    </ClInclude>
    <ClInclude Include="Core\Cards\Offense\LastBreath.h">
      <Filter>Header Files</Filter>
    </ClInclude>
    <ClInclude Include="Core\Cards\Defense\ShieldingNet.h">
      <Filter>Header Files</Filter>
    </ClInclude>
    <ClInclude Include="Core\Cards\Defense\SpiritShelter.h">
      <Filter>Header Files</Filter>
    </ClInclude>
    <ClInclude Include="Core\Cards\Defense\DivineProtection.h">
      <Filter>Header Files</Filter>
    </ClInclude>
    <ClInclude Include="Core\Cards\Defense\ArmorUp.h">
      <Filter>Header Files</Filter>
    </ClInclude>
    <ClInclude Include="Core\Cards\Defense\Cure.h">
      <Filter>Header Files</Filter>
    </ClInclude>
    <ClInclude Include="Core\Cards\Defense\HelpingHand.h">
      <Filter>Header Files</Filter>
    </ClInclude>
    <ClInclude Include="Core\Cards\Defense\Barrier.h">
      <Filter>Header Files</Filter>
    </ClInclude>
    <ClInclude Include="Core\Cards\Defense\Recreation.h">
      <Filter>Header Files</Filter>
    </ClInclude>
    <ClInclude Include="Core\Cards\Defense\Healer.h">
      <Filter>Header Files</Filter>
    </ClInclude>
    <ClInclude Include="Core\Cards\Defense\Preparations.h">
      <Filter>Header Files</Filter>
    </ClInclude>
    <ClInclude Include="Core\Cards\Defense\SoothingSpell.h">
      <Filter>Header Files</Filter>
    </ClInclude>
    <ClInclude Include="Core\Cards\Defense\PeacePact.h">
      <Filter>Header Files</Filter>
    </ClInclude>
    <ClInclude Include="Core\Cards\Defense\LifeFlower.h">
      <Filter>Header Files</Filter>
    </ClInclude>
    <ClInclude Include="Core\Cards\Defense\TreeOfLife.h">
      <Filter>Header Files</Filter>
    </ClInclude>
    <ClInclude Include="Core\Cards\Defense\WarBlessing.h">
      <Filter>Header Files</Filter>
    </ClInclude>
    <ClInclude Include="Core\Cards\Utility\Cheating.h">
      <Filter>Header Files</Filter>
    </ClInclude>
    <ClInclude Include="Core\Cards\Utility\DragonFlame.h">
      <Filter>Header Files</Filter>
    </ClInclude>
    <ClInclude Include="Core\Cards\Utility\DragonSight.h">
      <Filter>Header Files</Filter>
    </ClInclude>
    <ClInclude Include="Core\Cards\Utility\FrostFire.h">
      <Filter>Header Files</Filter>
    </ClInclude>
    <ClInclude Include="Core\Events\CardStateEvents.h">
      <Filter>Header Files</Filter>
    </ClInclude>
    <ClInclude Include="Core\Cards\Utility\DragonPower.h">
      <Filter>Header Files</Filter>
    </ClInclude>
    <ClInclude Include="Core\Cards\Utility\WeaponOfChoice.h">
      <Filter>Header Files</Filter>
    </ClInclude>
    <ClInclude Include="Core\Cards\Utility\TheThief.h">
      <Filter>Header Files</Filter>
    </ClInclude>
    <ClInclude Include="Core\Cards\Utility\HiddenTreasures.h">
      <Filter>Header Files</Filter>
    </ClInclude>
    <ClInclude Include="Core\Cards\Utility\MindSteal.h">
      <Filter>Header Files</Filter>
    </ClInclude>
    <ClInclude Include="Core\Cards\Utility\SummonDead.h">
      <Filter>Header Files</Filter>
    </ClInclude>
    <ClInclude Include="Core\Cards\Utility\DragonEquation.h">
      <Filter>Header Files</Filter>
    </ClInclude>
    <ClInclude Include="Core\Cards\CardId.h">
      <Filter>Header Files</Filter>
    </ClInclude>
    <ClInclude Include="Core\Cards\Utility\AbsoluteZero.h">
      <Filter>Header Files</Filter>
    </ClInclude>
    <ClInclude Include="Core\Cards\Utility\LifeExchange.h">
      <Filter>Header Files</Filter>
    </ClInclude>
    <ClInclude Include="Core\Cards\Utility\SetUp.h">
      <Filter>Header Files</Filter>
    </ClInclude>
    <ClInclude Include="Core\ComboProperties.h">
      <Filter>Header Files</Filter>
    </ClInclude>
    <ClInclude Include="Core\Cards\Utility\CorpsePuppet.h">
      <Filter>Header Files</Filter>
    </ClInclude>
    <ClInclude Include="Core\Cards\Combo\DeathFee.h">
      <Filter>Header Files</Filter>
    </ClInclude>
    <ClInclude Include="Core\Cards\CardPosition.h">
      <Filter>Header Files</Filter>
    </ClInclude>
    <ClInclude Include="Core\Cards\Combo\AstroInfluence.h">
      <Filter>Header Files</Filter>
    </ClInclude>
    <ClInclude Include="Core\Cards\Combo\CounterScale.h">
      <Filter>Header Files</Filter>
    </ClInclude>
    <ClInclude Include="Core\Cards\Combo\UltimateDefense.h">
      <Filter>Header Files</Filter>
    </ClInclude>
    <ClInclude Include="Core\Cards\Combo\TotalEntanglement.h">
      <Filter>Header Files</Filter>
    </ClInclude>
    <ClInclude Include="Core\Cards\Combo\ElementalDragon.h">
      <Filter>Header Files</Filter>
    </ClInclude>
    <ClInclude Include="Core\Cards\Combo\Superiority.h">
      <Filter>Header Files</Filter>
    </ClInclude>
    <ClInclude Include="Core\Cards\Combo\DoubleStrike.h">
      <Filter>Header Files</Filter>
    </ClInclude>
    <ClInclude Include="Core\Cards\Combo\Ritual.h">
      <Filter>Header Files</Filter>
    </ClInclude>
    <ClInclude Include="Core\Cards\Combo\Omniclaustra.h">
      <Filter>Header Files</Filter>
    </ClInclude>
    <ClInclude Include="Core\HealProperties.h">
      <Filter>Header Files</Filter>
    </ClInclude>
    <ClInclude Include="Core\AddArmorProperties.h">
      <Filter>Header Files</Filter>
    </ClInclude>
    <ClInclude Include="Core\Cards\Combo\DifferentSides.h">
      <Filter>Header Files</Filter>
    </ClInclude>
    <ClInclude Include="Core\Cards\Combo\DragonWeapons.h">
      <Filter>Header Files</Filter>
    </ClInclude>
    <ClInclude Include="Core\Cards\Combo\PowerUp.h">
      <Filter>Header Files</Filter>
    </ClInclude>
    <ClInclude Include="Core\Cards\Combo\Underworld.h">
      <Filter>Header Files</Filter>
    </ClInclude>
    <ClInclude Include="Core\Cards\Combo\FakeOut.h">
      <Filter>Header Files</Filter>
    </ClInclude>
    <ClInclude Include="Core\Cards\Combo\MagicTrick.h">
      <Filter>Header Files</Filter>
    </ClInclude>
    <ClInclude Include="Core\Cards\Combo\DreamLand.h">
      <Filter>Header Files</Filter>
    </ClInclude>
    <ClInclude Include="Core\Cards\Combo\Soulstealer.h">
      <Filter>Header Files</Filter>
    </ClInclude>
    <ClInclude Include="Core\Cards\Combo\UltimateExchange.h">
      <Filter>Header Files</Filter>
    </ClInclude>
    <ClInclude Include="Core\Cards\Combo\NatureSpell.h">
      <Filter>Header Files</Filter>
    </ClInclude>
    <ClInclude Include="Core\Cards\Combo\InfernoLifeline.h">
      <Filter>Header Files</Filter>
    </ClInclude>
    <ClInclude Include="Core\Cards\Combo\Apocalypse.h">
      <Filter>Header Files</Filter>
    </ClInclude>
    <ClInclude Include="Core\Cards\Combo\FinalHour.h">
      <Filter>Header Files</Filter>
    </ClInclude>
    <ClInclude Include="Core\Cards\Combo\DragonSword.h">
      <Filter>Header Files</Filter>
    </ClInclude>
    <ClInclude Include="Core\Cards\Combo\ReEquip.h">
      <Filter>Header Files</Filter>
    </ClInclude>
    <ClInclude Include="Core\Cards\Combo\SwapPact.h">
      <Filter>Header Files</Filter>
    </ClInclude>
    <ClInclude Include="Core\Cards\Combo\ShadowAssassin.h">
      <Filter>Header Files</Filter>
    </ClInclude>
    <ClInclude Include="Core\Cards\Combo\ThreeGodsStrike.h">
      <Filter>Header Files</Filter>
    </ClInclude>
  </ItemGroup>
</Project>